
Microsoft Visual Studio Solution File, Format Version 12.00
# Visual Studio Version 17
VisualStudioVersion = 17.6.33801.468
MinimumVisualStudioVersion = 10.0.40219.1
Project("{FAE04EC0-301F-11D3-BF4B-00C04F79EFBC}") = "TempleOfDoom", "TempleOfDoom\TempleOfDoom.csproj", "{45200AA1-9348-48AF-BF7E-F17DB2361ABD}"
EndProject
Project("{FAE04EC0-301F-11D3-BF4B-00C04F79EFBC}") = "MouseInTheKitchen", "MouseInTheKitchen\MouseInTheKitchen.csproj", "{24110861-81A5-4A2E-AB27-1419CC24D158}"
EndProject
Project("{FAE04EC0-301F-11D3-BF4B-00C04F79EFBC}") = "AutomotiveRepairShop", "AutomotiveRepairShop\AutomotiveRepairShop.csproj", "{239F08E8-1458-4175-AD08-7423CD4C2D4E}"
EndProject
Global
	GlobalSection(SolutionConfigurationPlatforms) = preSolution
		Debug|Any CPU = Debug|Any CPU
		Release|Any CPU = Release|Any CPU
	EndGlobalSection
	GlobalSection(ProjectConfigurationPlatforms) = postSolution
		{45200AA1-9348-48AF-BF7E-F17DB2361ABD}.Debug|Any CPU.ActiveCfg = Debug|Any CPU
		{45200AA1-9348-48AF-BF7E-F17DB2361ABD}.Debug|Any CPU.Build.0 = Debug|Any CPU
		{45200AA1-9348-48AF-BF7E-F17DB2361ABD}.Release|Any CPU.ActiveCfg = Release|Any CPU
		{45200AA1-9348-48AF-BF7E-F17DB2361ABD}.Release|Any CPU.Build.0 = Release|Any CPU
		{24110861-81A5-4A2E-AB27-1419CC24D158}.Debug|Any CPU.ActiveCfg = Debug|Any CPU
		{24110861-81A5-4A2E-AB27-1419CC24D158}.Debug|Any CPU.Build.0 = Debug|Any CPU
		{24110861-81A5-4A2E-AB27-1419CC24D158}.Release|Any CPU.ActiveCfg = Release|Any CPU
		{24110861-81A5-4A2E-AB27-1419CC24D158}.Release|Any CPU.Build.0 = Release|Any CPU
		{239F08E8-1458-4175-AD08-7423CD4C2D4E}.Debug|Any CPU.ActiveCfg = Debug|Any CPU
		{239F08E8-1458-4175-AD08-7423CD4C2D4E}.Debug|Any CPU.Build.0 = Debug|Any CPU
		{239F08E8-1458-4175-AD08-7423CD4C2D4E}.Release|Any CPU.ActiveCfg = Release|Any CPU
		{239F08E8-1458-4175-AD08-7423CD4C2D4E}.Release|Any CPU.Build.0 = Release|Any CPU
	EndGlobalSection
	GlobalSection(SolutionProperties) = preSolution
		HideSolutionNode = FALSE
	EndGlobalSection
	GlobalSection(ExtensibilityGlobals) = postSolution
		SolutionGuid = {49A89D23-1B2A-4BA2-BB95-A2A10E7F7984}
	EndGlobalSection
EndGlobal
